
Microsoft Visual Studio Solution File, Format Version 12.00
# Visual Studio Version 16
VisualStudioVersion = 16.0.31105.61
MinimumVisualStudioVersion = 10.0.40219.1
Project("{9A19103F-16F7-4668-BE54-9A1E7A4F7556}") = "DataAccess", "DataAccess\DataAccess.csproj", "{D8AB4CDD-9A2A-4DA6-B5F0-2022EA8E3760}"
EndProject
Project("{9A19103F-16F7-4668-BE54-9A1E7A4F7556}") = "Entities", "Entities\Entities.csproj", "{D25FD525-F42F-4BED-BA67-376CE0D9439C}"
EndProject
Project("{9A19103F-16F7-4668-BE54-9A1E7A4F7556}") = "Business", "Business\Business.csproj", "{40896D72-3BE2-46F3-857F-304EF3A30FF4}"
EndProject
Project("{9A19103F-16F7-4668-BE54-9A1E7A4F7556}") = "Console", "Console\Console.csproj", "{6C1F75E4-34CA-40C6-BF03-0E13ACE7650E}"
EndProject
Project("{9A19103F-16F7-4668-BE54-9A1E7A4F7556}") = "Core", "Core\Core.csproj", "{F28675A7-D37F-4B49-8FEF-B80B55A921A0}"
EndProject
Project("{FAE04EC0-301F-11D3-BF4B-00C04F79EFBC}") = "WebAPI", "WebAPI\WebAPI.csproj", "{B92B87AE-A697-4CF0-9C20-76546A73BBAA}"
EndProject
Global
	GlobalSection(SolutionConfigurationPlatforms) = preSolution
		Debug|Any CPU = Debug|Any CPU
		Release|Any CPU = Release|Any CPU
	EndGlobalSection
	GlobalSection(ProjectConfigurationPlatforms) = postSolution
		{D8AB4CDD-9A2A-4DA6-B5F0-2022EA8E3760}.Debug|Any CPU.ActiveCfg = Debug|Any CPU
		{D8AB4CDD-9A2A-4DA6-B5F0-2022EA8E3760}.Debug|Any CPU.Build.0 = Debug|Any CPU
		{D8AB4CDD-9A2A-4DA6-B5F0-2022EA8E3760}.Release|Any CPU.ActiveCfg = Release|Any CPU
		{D8AB4CDD-9A2A-4DA6-B5F0-2022EA8E3760}.Release|Any CPU.Build.0 = Release|Any CPU
		{D25FD525-F42F-4BED-BA67-376CE0D9439C}.Debug|Any CPU.ActiveCfg = Debug|Any CPU
		{D25FD525-F42F-4BED-BA67-376CE0D9439C}.Debug|Any CPU.Build.0 = Debug|Any CPU
		{D25FD525-F42F-4BED-BA67-376CE0D9439C}.Release|Any CPU.ActiveCfg = Release|Any CPU
		{D25FD525-F42F-4BED-BA67-376CE0D9439C}.Release|Any CPU.Build.0 = Release|Any CPU
		{40896D72-3BE2-46F3-857F-304EF3A30FF4}.Debug|Any CPU.ActiveCfg = Debug|Any CPU
		{40896D72-3BE2-46F3-857F-304EF3A30FF4}.Debug|Any CPU.Build.0 = Debug|Any CPU
		{40896D72-3BE2-46F3-857F-304EF3A30FF4}.Release|Any CPU.ActiveCfg = Release|Any CPU
		{40896D72-3BE2-46F3-857F-304EF3A30FF4}.Release|Any CPU.Build.0 = Release|Any CPU
		{6C1F75E4-34CA-40C6-BF03-0E13ACE7650E}.Debug|Any CPU.ActiveCfg = Debug|Any CPU
		{6C1F75E4-34CA-40C6-BF03-0E13ACE7650E}.Debug|Any CPU.Build.0 = Debug|Any CPU
		{6C1F75E4-34CA-40C6-BF03-0E13ACE7650E}.Release|Any CPU.ActiveCfg = Release|Any CPU
		{6C1F75E4-34CA-40C6-BF03-0E13ACE7650E}.Release|Any CPU.Build.0 = Release|Any CPU
		{F28675A7-D37F-4B49-8FEF-B80B55A921A0}.Debug|Any CPU.ActiveCfg = Debug|Any CPU
		{F28675A7-D37F-4B49-8FEF-B80B55A921A0}.Debug|Any CPU.Build.0 = Debug|Any CPU
		{F28675A7-D37F-4B49-8FEF-B80B55A921A0}.Release|Any CPU.ActiveCfg = Release|Any CPU
		{F28675A7-D37F-4B49-8FEF-B80B55A921A0}.Release|Any CPU.Build.0 = Release|Any CPU
		{B92B87AE-A697-4CF0-9C20-76546A73BBAA}.Debug|Any CPU.ActiveCfg = Debug|Any CPU
		{B92B87AE-A697-4CF0-9C20-76546A73BBAA}.Debug|Any CPU.Build.0 = Debug|Any CPU
		{B92B87AE-A697-4CF0-9C20-76546A73BBAA}.Release|Any CPU.ActiveCfg = Release|Any CPU
		{B92B87AE-A697-4CF0-9C20-76546A73BBAA}.Release|Any CPU.Build.0 = Release|Any CPU
	EndGlobalSection
	GlobalSection(SolutionProperties) = preSolution
		HideSolutionNode = FALSE
	EndGlobalSection
	GlobalSection(ExtensibilityGlobals) = postSolution
		SolutionGuid = {A830212D-5BDA-47B9-8509-5F1604CFED9B}
	EndGlobalSection
EndGlobal
